
Microsoft Visual Studio Solution File, Format Version 12.00
# Visual Studio 15
VisualStudioVersion = 15.0.28010.2048
MinimumVisualStudioVersion = 10.0.40219.1
Project("{FAE04EC0-301F-11D3-BF4B-00C04F79EFBC}") = "EmployeeAppDLL", "EmployeeAppDLL\EmployeeAppDLL.csproj", "{C0CB9EC0-2B60-4D3E-ABFE-27F80F2BECA0}"
EndProject
Project("{FAE04EC0-301F-11D3-BF4B-00C04F79EFBC}") = "EmployeeConsole", "EmployeeConsole\EmployeeConsole.csproj", "{29A7E353-1EB7-42F6-A0DD-D2C837116A32}"
EndProject
Global
	GlobalSection(SolutionConfigurationPlatforms) = preSolution
		Debug|Any CPU = Debug|Any CPU
		Release|Any CPU = Release|Any CPU
	EndGlobalSection
	GlobalSection(ProjectConfigurationPlatforms) = postSolution
		{C0CB9EC0-2B60-4D3E-ABFE-27F80F2BECA0}.Debug|Any CPU.ActiveCfg = Debug|Any CPU
		{C0CB9EC0-2B60-4D3E-ABFE-27F80F2BECA0}.Debug|Any CPU.Build.0 = Debug|Any CPU
		{C0CB9EC0-2B60-4D3E-ABFE-27F80F2BECA0}.Release|Any CPU.ActiveCfg = Release|Any CPU
		{C0CB9EC0-2B60-4D3E-ABFE-27F80F2BECA0}.Release|Any CPU.Build.0 = Release|Any CPU
		{29A7E353-1EB7-42F6-A0DD-D2C837116A32}.Debug|Any CPU.ActiveCfg = Debug|Any CPU
		{29A7E353-1EB7-42F6-A0DD-D2C837116A32}.Debug|Any CPU.Build.0 = Debug|Any CPU
		{29A7E353-1EB7-42F6-A0DD-D2C837116A32}.Release|Any CPU.ActiveCfg = Release|Any CPU
		{29A7E353-1EB7-42F6-A0DD-D2C837116A32}.Release|Any CPU.Build.0 = Release|Any CPU
	EndGlobalSection
	GlobalSection(SolutionProperties) = preSolution
		HideSolutionNode = FALSE
	EndGlobalSection
	GlobalSection(ExtensibilityGlobals) = postSolution
		SolutionGuid = {BC9BAA1B-A689-4589-968C-F0B5D25A4D1B}
	EndGlobalSection
EndGlobal
